
Microsoft Visual Studio Solution File, Format Version 12.00
# Visual Studio Version 17
VisualStudioVersion = 17.0.31903.59
MinimumVisualStudioVersion = 10.0.40219.1
Project("{2150E333-8FDC-42A3-9474-1A3956D46DE8}") = "src", "src", "{827E0CD3-B72D-47B6-A68D-7590B98EB39B}"
EndProject
Project("{2150E333-8FDC-42A3-9474-1A3956D46DE8}") = "Shared", "Shared", "{C8E42992-5E42-0C2B-DBFE-AA848D06431C}"
EndProject
Project("{2150E333-8FDC-42A3-9474-1A3956D46DE8}") = "Modules", "Modules", "{EC447DCF-ABFA-6E24-52A5-D7FD48A5C558}"
EndProject
Project("{FAE04EC0-301F-11D3-BF4B-00C04F79EFBC}") = "Postify.WebApi", "src\Postify.WebApi\Postify.WebApi.csproj", "{B79B3E23-EF92-4702-8915-FD4F44E5A8A8}"
EndProject
Project("{FAE04EC0-301F-11D3-BF4B-00C04F79EFBC}") = "Postify.Shared.Infrastructure", "src\shared\Postify.Shared.Infrastructure\Postify.Shared.Infrastructure.csproj", "{97A71FC0-AC0D-4522-879F-7D17C59C906A}"
EndProject
Project("{FAE04EC0-301F-11D3-BF4B-00C04F79EFBC}") = "Postify.Modules.Profile", "src\modules\Postify.Modules.Profile\Postify.Modules.Profile.csproj", "{3E974AEE-481C-4D0F-B8FA-23FAAA8BEA11}"
EndProject
Project("{2150E333-8FDC-42A3-9474-1A3956D46DE8}") = "Profile", "Profile", "{F39AE2AA-E5E7-463C-9FBD-1F73B1867E1E}"
EndProject
Project("{2150E333-8FDC-42A3-9474-1A3956D46DE8}") = "Proof", "Proof", "{515887E6-A2D5-22FD-8774-0895AEC26EBE}"
EndProject
Project("{2150E333-8FDC-42A3-9474-1A3956D46DE8}") = "Shortak", "Shortak", "{954B154D-895A-F811-A4D7-EC15EFAE72C3}"
EndProject
Project("{2150E333-8FDC-42A3-9474-1A3956D46DE8}") = "Media", "Media", "{ABB153F5-497E-25E7-E918-29ED4C71B6E5}"
EndProject
Project("{2150E333-8FDC-42A3-9474-1A3956D46DE8}") = "Notify", "Notify", "{212527BB-2CB8-EA05-55B7-2A55CA57810C}"
EndProject
Project("{FAE04EC0-301F-11D3-BF4B-00C04F79EFBC}") = "Postify.Modules.Profile.Core", "src\modules\Postify.Modules.Profile.Core\Postify.Modules.Profile.Core.csproj", "{F3AA17C9-16F8-48C8-987B-A32F68EC919D}"
EndProject
Project("{FAE04EC0-301F-11D3-BF4B-00C04F79EFBC}") = "Postify.Modules.Profile.Infrastructure", "src\modules\Postify.Modules.Profile.Infrastructure\Postify.Modules.Profile.Infrastructure.csproj", "{8F903666-5BBF-4407-BEB4-15200DDE9596}"
EndProject
Project("{FAE04EC0-301F-11D3-BF4B-00C04F79EFBC}") = "Postify.Shared.Core", "src\shared\Postify.Shared.Core\Postify.Shared.Core.csproj", "{20EFECC5-8404-47C9-ACEE-9A36711C9510}"
EndProject
Project("{FAE04EC0-301F-11D3-BF4B-00C04F79EFBC}") = "Postify.Modules.Media", "src\modules\Postify.Modules.Media\Postify.Modules.Media.csproj", "{9B9FE9A8-49E3-4F6B-ABA7-F9578FC136F3}"
EndProject
Project("{FAE04EC0-301F-11D3-BF4B-00C04F79EFBC}") = "Postify.Modules.Media.Core", "src\modules\Postify.Modules.Media.Core\Postify.Modules.Media.Core.csproj", "{D6D1AC31-CC32-41F0-A76B-7E5D9A81899A}"
EndProject
Project("{FAE04EC0-301F-11D3-BF4B-00C04F79EFBC}") = "Postify.Modules.Media.Infrastructure", "src\modules\Postify.Modules.Media.Infrastructure\Postify.Modules.Media.Infrastructure.csproj", "{773D14F8-A87A-4C51-868D-8A845B4A58A5}"
EndProject
Project("{FAE04EC0-301F-11D3-BF4B-00C04F79EFBC}") = "Postify.Modules.Notify", "src\modules\Postify.Modules.Notify\Postify.Modules.Notify.csproj", "{00676EC5-76C1-44AF-A9A6-215979077649}"
EndProject
Project("{FAE04EC0-301F-11D3-BF4B-00C04F79EFBC}") = "Postify.Modules.Notify.Core", "src\modules\Postify.Modules.Notify.Core\Postify.Modules.Notify.Core.csproj", "{E87B8A68-F16C-42FC-A0D0-76E9D12CF512}"
EndProject
Project("{FAE04EC0-301F-11D3-BF4B-00C04F79EFBC}") = "Postify.Modules.Notify.Infrastructure", "src\modules\Postify.Modules.Notify.Infrastructure\Postify.Modules.Notify.Infrastructure.csproj", "{384293DF-82BC-4ED6-883B-7AFEA71896EA}"
EndProject
Project("{FAE04EC0-301F-11D3-BF4B-00C04F79EFBC}") = "Postify.Modules.Proof", "src\modules\Postify.Modules.Proof\Postify.Modules.Proof.csproj", "{87EF62BA-C65F-4550-9DAB-6F9125E3A51B}"
EndProject
Project("{FAE04EC0-301F-11D3-BF4B-00C04F79EFBC}") = "Postify.Modules.Proof.Core", "src\modules\Postify.Modules.Proof.Core\Postify.Modules.Proof.Core.csproj", "{D53E4A58-9851-40B0-B3DD-BF8BF1556D57}"
EndProject
Project("{FAE04EC0-301F-11D3-BF4B-00C04F79EFBC}") = "Postify.Modules.Proof.Infrastructure", "src\modules\Postify.Modules.Proof.Infrastructure\Postify.Modules.Proof.Infrastructure.csproj", "{363C6C83-0E00-4A61-9C7F-B306D1142B44}"
EndProject
Project("{FAE04EC0-301F-11D3-BF4B-00C04F79EFBC}") = "Postify.Modules.Shortak", "src\modules\Postify.Modules.Shortak\Postify.Modules.Shortak.csproj", "{14BD3BC2-222D-4092-836E-F0C0CAE516EF}"
EndProject
Project("{FAE04EC0-301F-11D3-BF4B-00C04F79EFBC}") = "Postify.Modules.Shortak.Core", "src\modules\Postify.Modules.Shortak.Core\Postify.Modules.Shortak.Core.csproj", "{E3FF3C25-9058-44EB-828E-B11892303231}"
EndProject
Project("{FAE04EC0-301F-11D3-BF4B-00C04F79EFBC}") = "Postify.Modules.Shortak.Infrastructure", "src\modules\Postify.Modules.Shortak.Infrastructure\Postify.Modules.Shortak.Infrastructure.csproj", "{D1A09EE8-36A3-4A3E-9EF6-C3A9F0ED0014}"
EndProject
Project("{FAE04EC0-301F-11D3-BF4B-00C04F79EFBC}") = "Postify.Shared.Kernel", "src\shared\Postify.Shared.Kernel\Postify.Shared.Kernel.csproj", "{3271B339-819F-4F25-B548-D99AADCC1186}"
EndProject
Global
	GlobalSection(SolutionConfigurationPlatforms) = preSolution
		Debug|Any CPU = Debug|Any CPU
		Release|Any CPU = Release|Any CPU
	EndGlobalSection
	GlobalSection(ProjectConfigurationPlatforms) = postSolution
		{B79B3E23-EF92-4702-8915-FD4F44E5A8A8}.Debug|Any CPU.ActiveCfg = Debug|Any CPU
		{B79B3E23-EF92-4702-8915-FD4F44E5A8A8}.Debug|Any CPU.Build.0 = Debug|Any CPU
		{B79B3E23-EF92-4702-8915-FD4F44E5A8A8}.Release|Any CPU.ActiveCfg = Release|Any CPU
		{B79B3E23-EF92-4702-8915-FD4F44E5A8A8}.Release|Any CPU.Build.0 = Release|Any CPU
		{97A71FC0-AC0D-4522-879F-7D17C59C906A}.Debug|Any CPU.ActiveCfg = Debug|Any CPU
		{97A71FC0-AC0D-4522-879F-7D17C59C906A}.Debug|Any CPU.Build.0 = Debug|Any CPU
		{97A71FC0-AC0D-4522-879F-7D17C59C906A}.Release|Any CPU.ActiveCfg = Release|Any CPU
		{97A71FC0-AC0D-4522-879F-7D17C59C906A}.Release|Any CPU.Build.0 = Release|Any CPU
		{3E974AEE-481C-4D0F-B8FA-23FAAA8BEA11}.Debug|Any CPU.ActiveCfg = Debug|Any CPU
		{3E974AEE-481C-4D0F-B8FA-23FAAA8BEA11}.Debug|Any CPU.Build.0 = Debug|Any CPU
		{3E974AEE-481C-4D0F-B8FA-23FAAA8BEA11}.Release|Any CPU.ActiveCfg = Release|Any CPU
		{3E974AEE-481C-4D0F-B8FA-23FAAA8BEA11}.Release|Any CPU.Build.0 = Release|Any CPU
		{F3AA17C9-16F8-48C8-987B-A32F68EC919D}.Debug|Any CPU.ActiveCfg = Debug|Any CPU
		{F3AA17C9-16F8-48C8-987B-A32F68EC919D}.Debug|Any CPU.Build.0 = Debug|Any CPU
		{F3AA17C9-16F8-48C8-987B-A32F68EC919D}.Release|Any CPU.ActiveCfg = Release|Any CPU
		{F3AA17C9-16F8-48C8-987B-A32F68EC919D}.Release|Any CPU.Build.0 = Release|Any CPU
		{8F903666-5BBF-4407-BEB4-15200DDE9596}.Debug|Any CPU.ActiveCfg = Debug|Any CPU
		{8F903666-5BBF-4407-BEB4-15200DDE9596}.Debug|Any CPU.Build.0 = Debug|Any CPU
		{8F903666-5BBF-4407-BEB4-15200DDE9596}.Release|Any CPU.ActiveCfg = Release|Any CPU
		{8F903666-5BBF-4407-BEB4-15200DDE9596}.Release|Any CPU.Build.0 = Release|Any CPU
		{20EFECC5-8404-47C9-ACEE-9A36711C9510}.Debug|Any CPU.ActiveCfg = Debug|Any CPU
		{20EFECC5-8404-47C9-ACEE-9A36711C9510}.Debug|Any CPU.Build.0 = Debug|Any CPU
		{20EFECC5-8404-47C9-ACEE-9A36711C9510}.Release|Any CPU.ActiveCfg = Release|Any CPU
		{20EFECC5-8404-47C9-ACEE-9A36711C9510}.Release|Any CPU.Build.0 = Release|Any CPU
		{9B9FE9A8-49E3-4F6B-ABA7-F9578FC136F3}.Debug|Any CPU.ActiveCfg = Debug|Any CPU
		{9B9FE9A8-49E3-4F6B-ABA7-F9578FC136F3}.Debug|Any CPU.Build.0 = Debug|Any CPU
		{9B9FE9A8-49E3-4F6B-ABA7-F9578FC136F3}.Release|Any CPU.ActiveCfg = Release|Any CPU
		{9B9FE9A8-49E3-4F6B-ABA7-F9578FC136F3}.Release|Any CPU.Build.0 = Release|Any CPU
		{D6D1AC31-CC32-41F0-A76B-7E5D9A81899A}.Debug|Any CPU.ActiveCfg = Debug|Any CPU
		{D6D1AC31-CC32-41F0-A76B-7E5D9A81899A}.Debug|Any CPU.Build.0 = Debug|Any CPU
		{D6D1AC31-CC32-41F0-A76B-7E5D9A81899A}.Release|Any CPU.ActiveCfg = Release|Any CPU
		{D6D1AC31-CC32-41F0-A76B-7E5D9A81899A}.Release|Any CPU.Build.0 = Release|Any CPU
		{773D14F8-A87A-4C51-868D-8A845B4A58A5}.Debug|Any CPU.ActiveCfg = Debug|Any CPU
		{773D14F8-A87A-4C51-868D-8A845B4A58A5}.Debug|Any CPU.Build.0 = Debug|Any CPU
		{773D14F8-A87A-4C51-868D-8A845B4A58A5}.Release|Any CPU.ActiveCfg = Release|Any CPU
		{773D14F8-A87A-4C51-868D-8A845B4A58A5}.Release|Any CPU.Build.0 = Release|Any CPU
		{00676EC5-76C1-44AF-A9A6-215979077649}.Debug|Any CPU.ActiveCfg = Debug|Any CPU
		{00676EC5-76C1-44AF-A9A6-215979077649}.Debug|Any CPU.Build.0 = Debug|Any CPU
		{00676EC5-76C1-44AF-A9A6-215979077649}.Release|Any CPU.ActiveCfg = Release|Any CPU
		{00676EC5-76C1-44AF-A9A6-215979077649}.Release|Any CPU.Build.0 = Release|Any CPU
		{E87B8A68-F16C-42FC-A0D0-76E9D12CF512}.Debug|Any CPU.ActiveCfg = Debug|Any CPU
		{E87B8A68-F16C-42FC-A0D0-76E9D12CF512}.Debug|Any CPU.Build.0 = Debug|Any CPU
		{E87B8A68-F16C-42FC-A0D0-76E9D12CF512}.Release|Any CPU.ActiveCfg = Release|Any CPU
		{E87B8A68-F16C-42FC-A0D0-76E9D12CF512}.Release|Any CPU.Build.0 = Release|Any CPU
		{384293DF-82BC-4ED6-883B-7AFEA71896EA}.Debug|Any CPU.ActiveCfg = Debug|Any CPU
		{384293DF-82BC-4ED6-883B-7AFEA71896EA}.Debug|Any CPU.Build.0 = Debug|Any CPU
		{384293DF-82BC-4ED6-883B-7AFEA71896EA}.Release|Any CPU.ActiveCfg = Release|Any CPU
		{384293DF-82BC-4ED6-883B-7AFEA71896EA}.Release|Any CPU.Build.0 = Release|Any CPU
		{87EF62BA-C65F-4550-9DAB-6F9125E3A51B}.Debug|Any CPU.ActiveCfg = Debug|Any CPU
		{87EF62BA-C65F-4550-9DAB-6F9125E3A51B}.Debug|Any CPU.Build.0 = Debug|Any CPU
		{87EF62BA-C65F-4550-9DAB-6F9125E3A51B}.Release|Any CPU.ActiveCfg = Release|Any CPU
		{87EF62BA-C65F-4550-9DAB-6F9125E3A51B}.Release|Any CPU.Build.0 = Release|Any CPU
		{D53E4A58-9851-40B0-B3DD-BF8BF1556D57}.Debug|Any CPU.ActiveCfg = Debug|Any CPU
		{D53E4A58-9851-40B0-B3DD-BF8BF1556D57}.Debug|Any CPU.Build.0 = Debug|Any CPU
		{D53E4A58-9851-40B0-B3DD-BF8BF1556D57}.Release|Any CPU.ActiveCfg = Release|Any CPU
		{D53E4A58-9851-40B0-B3DD-BF8BF1556D57}.Release|Any CPU.Build.0 = Release|Any CPU
		{363C6C83-0E00-4A61-9C7F-B306D1142B44}.Debug|Any CPU.ActiveCfg = Debug|Any CPU
		{363C6C83-0E00-4A61-9C7F-B306D1142B44}.Debug|Any CPU.Build.0 = Debug|Any CPU
		{363C6C83-0E00-4A61-9C7F-B306D1142B44}.Release|Any CPU.ActiveCfg = Release|Any CPU
		{363C6C83-0E00-4A61-9C7F-B306D1142B44}.Release|Any CPU.Build.0 = Release|Any CPU
		{14BD3BC2-222D-4092-836E-F0C0CAE516EF}.Debug|Any CPU.ActiveCfg = Debug|Any CPU
		{14BD3BC2-222D-4092-836E-F0C0CAE516EF}.Debug|Any CPU.Build.0 = Debug|Any CPU
		{14BD3BC2-222D-4092-836E-F0C0CAE516EF}.Release|Any CPU.ActiveCfg = Release|Any CPU
		{14BD3BC2-222D-4092-836E-F0C0CAE516EF}.Release|Any CPU.Build.0 = Release|Any CPU
		{E3FF3C25-9058-44EB-828E-B11892303231}.Debug|Any CPU.ActiveCfg = Debug|Any CPU
		{E3FF3C25-9058-44EB-828E-B11892303231}.Debug|Any CPU.Build.0 = Debug|Any CPU
		{E3FF3C25-9058-44EB-828E-B11892303231}.Release|Any CPU.ActiveCfg = Release|Any CPU
		{E3FF3C25-9058-44EB-828E-B11892303231}.Release|Any CPU.Build.0 = Release|Any CPU
		{D1A09EE8-36A3-4A3E-9EF6-C3A9F0ED0014}.Debug|Any CPU.ActiveCfg = Debug|Any CPU
		{D1A09EE8-36A3-4A3E-9EF6-C3A9F0ED0014}.Debug|Any CPU.Build.0 = Debug|Any CPU
		{D1A09EE8-36A3-4A3E-9EF6-C3A9F0ED0014}.Release|Any CPU.ActiveCfg = Release|Any CPU
		{D1A09EE8-36A3-4A3E-9EF6-C3A9F0ED0014}.Release|Any CPU.Build.0 = Release|Any CPU
		{3271B339-819F-4F25-B548-D99AADCC1186}.Debug|Any CPU.ActiveCfg = Debug|Any CPU
		{3271B339-819F-4F25-B548-D99AADCC1186}.Debug|Any CPU.Build.0 = Debug|Any CPU
		{3271B339-819F-4F25-B548-D99AADCC1186}.Release|Any CPU.ActiveCfg = Release|Any CPU
		{3271B339-819F-4F25-B548-D99AADCC1186}.Release|Any CPU.Build.0 = Release|Any CPU
	EndGlobalSection
	GlobalSection(SolutionProperties) = preSolution
		HideSolutionNode = FALSE
	EndGlobalSection
	GlobalSection(NestedProjects) = preSolution
		{C8E42992-5E42-0C2B-DBFE-AA848D06431C} = {827E0CD3-B72D-47B6-A68D-7590B98EB39B}
		{EC447DCF-ABFA-6E24-52A5-D7FD48A5C558} = {827E0CD3-B72D-47B6-A68D-7590B98EB39B}
		{B79B3E23-EF92-4702-8915-FD4F44E5A8A8} = {827E0CD3-B72D-47B6-A68D-7590B98EB39B}
		{97A71FC0-AC0D-4522-879F-7D17C59C906A} = {C8E42992-5E42-0C2B-DBFE-AA848D06431C}
		{3E974AEE-481C-4D0F-B8FA-23FAAA8BEA11} = {F39AE2AA-E5E7-463C-9FBD-1F73B1867E1E}
		{F39AE2AA-E5E7-463C-9FBD-1F73B1867E1E} = {EC447DCF-ABFA-6E24-52A5-D7FD48A5C558}
		{515887E6-A2D5-22FD-8774-0895AEC26EBE} = {EC447DCF-ABFA-6E24-52A5-D7FD48A5C558}
		{954B154D-895A-F811-A4D7-EC15EFAE72C3} = {EC447DCF-ABFA-6E24-52A5-D7FD48A5C558}
		{ABB153F5-497E-25E7-E918-29ED4C71B6E5} = {EC447DCF-ABFA-6E24-52A5-D7FD48A5C558}
		{212527BB-2CB8-EA05-55B7-2A55CA57810C} = {EC447DCF-ABFA-6E24-52A5-D7FD48A5C558}
		{F3AA17C9-16F8-48C8-987B-A32F68EC919D} = {F39AE2AA-E5E7-463C-9FBD-1F73B1867E1E}
		{8F903666-5BBF-4407-BEB4-15200DDE9596} = {F39AE2AA-E5E7-463C-9FBD-1F73B1867E1E}
		{20EFECC5-8404-47C9-ACEE-9A36711C9510} = {C8E42992-5E42-0C2B-DBFE-AA848D06431C}
		{9B9FE9A8-49E3-4F6B-ABA7-F9578FC136F3} = {ABB153F5-497E-25E7-E918-29ED4C71B6E5}
		{D6D1AC31-CC32-41F0-A76B-7E5D9A81899A} = {ABB153F5-497E-25E7-E918-29ED4C71B6E5}
		{773D14F8-A87A-4C51-868D-8A845B4A58A5} = {ABB153F5-497E-25E7-E918-29ED4C71B6E5}
		{00676EC5-76C1-44AF-A9A6-215979077649} = {212527BB-2CB8-EA05-55B7-2A55CA57810C}
		{E87B8A68-F16C-42FC-A0D0-76E9D12CF512} = {212527BB-2CB8-EA05-55B7-2A55CA57810C}
		{384293DF-82BC-4ED6-883B-7AFEA71896EA} = {212527BB-2CB8-EA05-55B7-2A55CA57810C}
		{87EF62BA-C65F-4550-9DAB-6F9125E3A51B} = {515887E6-A2D5-22FD-8774-0895AEC26EBE}
		{D53E4A58-9851-40B0-B3DD-BF8BF1556D57} = {515887E6-A2D5-22FD-8774-0895AEC26EBE}
		{363C6C83-0E00-4A61-9C7F-B306D1142B44} = {515887E6-A2D5-22FD-8774-0895AEC26EBE}
		{14BD3BC2-222D-4092-836E-F0C0CAE516EF} = {954B154D-895A-F811-A4D7-EC15EFAE72C3}
		{E3FF3C25-9058-44EB-828E-B11892303231} = {954B154D-895A-F811-A4D7-EC15EFAE72C3}
		{D1A09EE8-36A3-4A3E-9EF6-C3A9F0ED0014} = {954B154D-895A-F811-A4D7-EC15EFAE72C3}
		{3271B339-819F-4F25-B548-D99AADCC1186} = {C8E42992-5E42-0C2B-DBFE-AA848D06431C}
	EndGlobalSection
	GlobalSection(ExtensibilityGlobals) = postSolution
		SolutionGuid = {6D44259E-FF55-4415-9730-E8A113E0587C}
	EndGlobalSection
EndGlobal
